
Microsoft Visual Studio Solution File, Format Version 12.00
# Visual Studio 2012
Project("{FAE04EC0-301F-11D3-BF4B-00C04F79EFBC}") = "TZWCFProject", "TZWCFProject\TZWCFProject.csproj", "{3C7AF16A-ECBF-4EE6-9F74-C6E3F50C985C}"
EndProject
Project("{CC5FD16D-436D-48AD-A40C-5A424C6E3E79}") = "TZWCFProject.Azure", "TZWCFProject.Azure\TZWCFProject.Azure.ccproj", "{15D2129A-4BFA-4EA7-97A5-8957EBBA788E}"
EndProject
Global
	GlobalSection(SolutionConfigurationPlatforms) = preSolution
		Debug|Any CPU = Debug|Any CPU
		Release|Any CPU = Release|Any CPU
	EndGlobalSection
	GlobalSection(ProjectConfigurationPlatforms) = postSolution
		{3C7AF16A-ECBF-4EE6-9F74-C6E3F50C985C}.Debug|Any CPU.ActiveCfg = Debug|Any CPU
		{3C7AF16A-ECBF-4EE6-9F74-C6E3F50C985C}.Debug|Any CPU.Build.0 = Debug|Any CPU
		{3C7AF16A-ECBF-4EE6-9F74-C6E3F50C985C}.Release|Any CPU.ActiveCfg = Release|Any CPU
		{3C7AF16A-ECBF-4EE6-9F74-C6E3F50C985C}.Release|Any CPU.Build.0 = Release|Any CPU
		{15D2129A-4BFA-4EA7-97A5-8957EBBA788E}.Debug|Any CPU.ActiveCfg = Debug|Any CPU
		{15D2129A-4BFA-4EA7-97A5-8957EBBA788E}.Debug|Any CPU.Build.0 = Debug|Any CPU
		{15D2129A-4BFA-4EA7-97A5-8957EBBA788E}.Release|Any CPU.ActiveCfg = Release|Any CPU
		{15D2129A-4BFA-4EA7-97A5-8957EBBA788E}.Release|Any CPU.Build.0 = Release|Any CPU
	EndGlobalSection
	GlobalSection(SolutionProperties) = preSolution
		HideSolutionNode = FALSE
	EndGlobalSection
EndGlobal
